# This file is automatically @generated by Cargo.
# It is not intended for manual editing.
version = 4

[[package]]
name = "moonstone-formats"
version = "0.1.0"

[[package]]
name = "moonstone-probe"
version = "0.0.0"
dependencies = [
 "moonstone-formats",
 "moonstone-render",
]

[[package]]
name = "moonstone-render"
version = "0.1.0"
dependencies = [
 "moonstone-formats",
]
